
Microsoft Visual Studio Solution File, Format Version 12.00
# Visual Studio Version 16
VisualStudioVersion = 16.0.30406.217
MinimumVisualStudioVersion = 10.0.40219.1
Project("{FAE04EC0-301F-11D3-BF4B-00C04F79EFBC}") = "alluberes.hosteleria.WebUI", "alluberes.hosteleria.WebUI\alluberes.hosteleria.WebUI.csproj", "{20B95730-FF06-4848-9D23-7F98EEF544C1}"
EndProject
Global
	GlobalSection(SolutionConfigurationPlatforms) = preSolution
		Debug|Any CPU = Debug|Any CPU
		Release|Any CPU = Release|Any CPU
	EndGlobalSection
	GlobalSection(ProjectConfigurationPlatforms) = postSolution
		{20B95730-FF06-4848-9D23-7F98EEF544C1}.Debug|Any CPU.ActiveCfg = Debug|Any CPU
		{20B95730-FF06-4848-9D23-7F98EEF544C1}.Debug|Any CPU.Build.0 = Debug|Any CPU
		{20B95730-FF06-4848-9D23-7F98EEF544C1}.Release|Any CPU.ActiveCfg = Release|Any CPU
		{20B95730-FF06-4848-9D23-7F98EEF544C1}.Release|Any CPU.Build.0 = Release|Any CPU
	EndGlobalSection
	GlobalSection(SolutionProperties) = preSolution
		HideSolutionNode = FALSE
	EndGlobalSection
	GlobalSection(ExtensibilityGlobals) = postSolution
		SolutionGuid = {6656D934-81CC-451E-BD99-CD13AFC02377}
	EndGlobalSection
EndGlobal
